// !$*UTF8*$!
{
	archiveVersion = 1;
	classes = {
	};
	objectVersion = 46;
	objects = {

/* Begin PBXBuildFile section */
		1B404F561DC8632300E27001 /* FacebookSDK.framework in Frameworks */ = {isa = PBXBuildFile; fileRef = 1B404F551DC8632300E27001 /* FacebookSDK.framework */; };
		1B5604EB1D76E9B30008ABB7 /* main.m in Sources */ = {isa = PBXBuildFile; fileRef = 1B5604EA1D76E9B30008ABB7 /* main.m */; };
		1B5604EE1D76E9B30008ABB7 /* AppDelegate.m in Sources */ = {isa = PBXBuildFile; fileRef = 1B5604ED1D76E9B30008ABB7 /* AppDelegate.m */; };
		1B5604F11D76E9B30008ABB7 /* ViewController.m in Sources */ = {isa = PBXBuildFile; fileRef = 1B5604F01D76E9B30008ABB7 /* ViewController.m */; };
		1B5604F41D76E9B30008ABB7 /* Main.storyboard in Resources */ = {isa = PBXBuildFile; fileRef = 1B5604F21D76E9B30008ABB7 /* Main.storyboard */; };
		1B5604F61D76E9B30008ABB7 /* Assets.xcassets in Resources */ = {isa = PBXBuildFile; fileRef = 1B5604F51D76E9B30008ABB7 /* Assets.xcassets */; };
		1B5604F91D76E9B30008ABB7 /* LaunchScreen.storyboard in Resources */ = {isa = PBXBuildFile; fileRef = 1B5604F71D76E9B30008ABB7 /* LaunchScreen.storyboard */; };
		1B5605041D76E9B30008ABB7 /* FacebookIntegrationTests.m in Sources */ = {isa = PBXBuildFile; fileRef = 1B5605031D76E9B30008ABB7 /* FacebookIntegrationTests.m */; };
		1B56050F1D76E9B30008ABB7 /* FacebookIntegrationUITests.m in Sources */ = {isa = PBXBuildFile; fileRef = 1B56050E1D76E9B30008ABB7 /* FacebookIntegrationUITests.m */; };
		1B5605381D76F67F0008ABB7 /* Social.framework in Frameworks */ = {isa = PBXBuildFile; fileRef = 1B5605371D76F67F0008ABB7 /* Social.framework */; };
/* End PBXBuildFile section */

/* Begin PBXContainerItemProxy section */
		1B5605001D76E9B30008ABB7 /* PBXContainerItemProxy */ = {
			isa = PBXContainerItemProxy;
			containerPortal = 1B5604DE1D76E9B30008ABB7 /* Project object */;
			proxyType = 1;
			remoteGlobalIDString = 1B5604E51D76E9B30008ABB7;
			remoteInfo = FacebookIntegration;
		};
		1B56050B1D76E9B30008ABB7 /* PBXContainerItemProxy */ = {
			isa = PBXContainerItemProxy;
			containerPortal = 1B5604DE1D76E9B30008ABB7 /* Project object */;
			proxyType = 1;
			remoteGlobalIDString = 1B5604E51D76E9B30008ABB7;
			remoteInfo = FacebookIntegration;
		};
/* End PBXContainerItemProxy section */

/* Begin PBXFileReference section */
		1B404F551DC8632300E27001 /* FacebookSDK.framework */ = {isa = PBXFileReference; lastKnownFileType = wrapper.framework; name = FacebookSDK.framework; path = FacebookIntegration/FacebookSDK.framework; sourceTree = "<group>"; };
		1B5604E61D76E9B30008ABB7 /* FacebookIntegration.app */ = {isa = PBXFileReference; explicitFileType = wrapper.application; includeInIndex = 0; path = FacebookIntegration.app; sourceTree = BUILT_PRODUCTS_DIR; };
		1B5604EA1D76E9B30008ABB7 /* main.m */ = {isa = PBXFileReference; lastKnownFileType = sourcecode.c.objc; path = main.m; sourceTree = "<group>"; };
		1B5604EC1D76E9B30008ABB7 /* AppDelegate.h */ = {isa = PBXFileReference; lastKnownFileType = sourcecode.c.h; path = AppDelegate.h; sourceTree = "<group>"; };
		1B5604ED1D76E9B30008ABB7 /* AppDelegate.m */ = {isa = PBXFileReference; lastKnownFileType = sourcecode.c.objc; path = AppDelegate.m; sourceTree = "<group>"; };
		1B5604EF1D76E9B30008ABB7 /* ViewController.h */ = {isa = PBXFileReference; lastKnownFileType = sourcecode.c.h; path = ViewController.h; sourceTree = "<group>"; };
		1B5604F01D76E9B30008ABB7 /* ViewController.m */ = {isa = PBXFileReference; lastKnownFileType = sourcecode.c.objc; path = ViewController.m; sourceTree = "<group>"; };
		1B5604F31D76E9B30008ABB7 /* Base */ = {isa = PBXFileReference; lastKnownFileType = file.storyboard; name = Base; path = Base.lproj/Main.storyboard; sourceTree = "<group>"; };
		1B5604F51D76E9B30008ABB7 /* Assets.xcassets */ = {isa = PBXFileReference; lastKnownFileType = folder.assetcatalog; path = Assets.xcassets; sourceTree = "<group>"; };
		1B5604F81D76E9B30008ABB7 /* Base */ = {isa = PBXFileReference; lastKnownFileType = file.storyboard; name = Base; path = Base.lproj/LaunchScreen.storyboard; sourceTree = "<group>"; };
		1B5604FA1D76E9B30008ABB7 /* Info.plist */ = {isa = PBXFileReference; lastKnownFileType = text.plist.xml; path = Info.plist; sourceTree = "<group>"; };
		1B5604FF1D76E9B30008ABB7 /* FacebookIntegrationTests.xctest */ = {isa = PBXFileReference; explicitFileType = wrapper.cfbundle; includeInIndex = 0; path = FacebookIntegrationTests.xctest; sourceTree = BUILT_PRODUCTS_DIR; };
		1B5605031D76E9B30008ABB7 /* FacebookIntegrationTests.m */ = {isa = PBXFileReference; lastKnownFileType = sourcecode.c.objc; path = FacebookIntegrationTests.m; sourceTree = "<group>"; };
		1B5605051D76E9B30008ABB7 /* Info.plist */ = {isa = PBXFileReference; lastKnownFileType = text.plist.xml; path = Info.plist; sourceTree = "<group>"; };
		1B56050A1D76E9B30008ABB7 /* FacebookIntegrationUITests.xctest */ = {isa = PBXFileReference; explicitFileType = wrapper.cfbundle; includeInIndex = 0; path = FacebookIntegrationUITests.xctest; sourceTree = BUILT_PRODUCTS_DIR; };
		1B56050E1D76E9B30008ABB7 /* FacebookIntegrationUITests.m */ = {isa = PBXFileReference; lastKnownFileType = sourcecode.c.objc; path = FacebookIntegrationUITests.m; sourceTree = "<group>"; };
		1B5605101D76E9B30008ABB7 /* Info.plist */ = {isa = PBXFileReference; lastKnownFileType = text.plist.xml; path = Info.plist; sourceTree = "<group>"; };
		1B5605371D76F67F0008ABB7 /* Social.framework */ = {isa = PBXFileReference; lastKnownFileType = wrapper.framework; name = Social.framework; path = System/Library/Frameworks/Social.framework; sourceTree = SDKROOT; };
/* End PBXFileReference section */

/* Begin PBXFrameworksBuildPhase section */
		1B5604E31D76E9B30008ABB7 /* Frameworks */ = {
			isa = PBXFrameworksBuildPhase;
			buildActionMask = 2147483647;
			files = (
				1B5605381D76F67F0008ABB7 /* Social.framework in Frameworks */,
				1B404F561DC8632300E27001 /* FacebookSDK.framework in Frameworks */,
			);
			runOnlyForDeploymentPostprocessing = 0;
		};
		1B5604FC1D76E9B30008ABB7 /* Frameworks */ = {
			isa = PBXFrameworksBuildPhase;
			buildActionMask = 2147483647;
			files = (
			);
			runOnlyForDeploymentPostprocessing = 0;
		};
		1B5605071D76E9B30008ABB7 /* Frameworks */ = {
			isa = PBXFrameworksBuildPhase;
			buildActionMask = 2147483647;
			files = (
			);
			runOnlyForDeploymentPostprocessing = 0;
		};
/* End PBXFrameworksBuildPhase section */

/* Begin PBXGroup section */
		1B5604DD1D76E9B30008ABB7 = {
			isa = PBXGroup;
			children = (
				1B404F551DC8632300E27001 /* FacebookSDK.framework */,
				1B5605371D76F67F0008ABB7 /* Social.framework */,
				1B5604E81D76E9B30008ABB7 /* FacebookIntegration */,
				1B5605021D76E9B30008ABB7 /* FacebookIntegrationTests */,
				1B56050D1D76E9B30008ABB7 /* FacebookIntegrationUITests */,
				1B5604E71D76E9B30008ABB7 /* Products */,
			);
			sourceTree = "<group>";
		};
		1B5604E71D76E9B30008ABB7 /* Products */ = {
			isa = PBXGroup;
			children = (
				1B5604E61D76E9B30008ABB7 /* FacebookIntegration.app */,
				1B5604FF1D76E9B30008ABB7 /* FacebookIntegrationTests.xctest */,
				1B56050A1D76E9B30008ABB7 /* FacebookIntegrationUITests.xctest */,
			);
			name = Products;
			sourceTree = "<group>";
		};
		1B5604E81D76E9B30008ABB7 /* FacebookIntegration */ = {
			isa = PBXGroup;
			children = (
				1B5604EC1D76E9B30008ABB7 /* AppDelegate.h */,
				1B5604ED1D76E9B30008ABB7 /* AppDelegate.m */,
				1B5604EF1D76E9B30008ABB7 /* ViewController.h */,
				1B5604F01D76E9B30008ABB7 /* ViewController.m */,
				1B5604F21D76E9B30008ABB7 /* Main.storyboard */,
				1B5604F51D76E9B30008ABB7 /* Assets.xcassets */,
				1B5604F71D76E9B30008ABB7 /* LaunchScreen.storyboard */,
				1B5604FA1D76E9B30008ABB7 /* Info.plist */,
				1B5604E91D76E9B30008ABB7 /* Supporting Files */,
			);
			path = FacebookIntegration;
			sourceTree = "<group>";
		};
		1B5604E91D76E9B30008ABB7 /* Supporting Files */ = {
			isa = PBXGroup;
			children = (
				1B5604EA1D76E9B30008ABB7 /* main.m */,
			);
			name = "Supporting Files";
			sourceTree = "<group>";
		};
		1B5605021D76E9B30008ABB7 /* FacebookIntegrationTests */ = {
			isa = PBXGroup;
			children = (
				1B5605031D76E9B30008ABB7 /* FacebookIntegrationTests.m */,
				1B5605051D76E9B30008ABB7 /* Info.plist */,
			);
			path = FacebookIntegrationTests;
			sourceTree = "<group>";
		};
		1B56050D1D76E9B30008ABB7 /* FacebookIntegrationUITests */ = {
			isa = PBXGroup;
			children = (
				1B56050E1D76E9B30008ABB7 /* FacebookIntegrationUITests.m */,
				1B5605101D76E9B30008ABB7 /* Info.plist */,
			);
			path = FacebookIntegrationUITests;
			sourceTree = "<group>";
		};
/* End PBXGroup section */

/* Begin PBXNativeTarget section */
		1B5604E51D76E9B30008ABB7 /* FacebookIntegration */ = {
			isa = PBXNativeTarget;
			buildConfigurationList = 1B5605131D76E9B30008ABB7 /* Build configuration list for PBXNativeTarget "FacebookIntegration" */;
			buildPhases = (
				1B5604E21D76E9B30008ABB7 /* Sources */,
				1B5604E31D76E9B30008ABB7 /* Frameworks */,
				1B5604E41D76E9B30008ABB7 /* Resources */,
			);
			buildRules = (
			);
			dependencies = (
			);
			name = FacebookIntegration;
			productName = FacebookIntegration;
			productReference = 1B5604E61D76E9B30008ABB7 /* FacebookIntegration.app */;
			productType = "com.apple.product-type.application";
		};
		1B5604FE1D76E9B30008ABB7 /* FacebookIntegrationTests */ = {
			isa = PBXNativeTarget;
			buildConfigurationList = 1B5605161D76E9B30008ABB7 /* Build configuration list for PBXNativeTarget "FacebookIntegrationTests" */;
			buildPhases = (
				1B5604FB1D76E9B30008ABB7 /* Sources */,
				1B5604FC1D76E9B30008ABB7 /* Frameworks */,
				1B5604FD1D76E9B30008ABB7 /* Resources */,
			);
			buildRules = (
			);
			dependencies = (
				1B5605011D76E9B30008ABB7 /* PBXTargetDependency */,
			);
			name = FacebookIntegrationTests;
			productName = FacebookIntegrationTests;
			productReference = 1B5604FF1D76E9B30008ABB7 /* FacebookIntegrationTests.xctest */;
			productType = "com.apple.product-type.bundle.unit-test";
		};
		1B5605091D76E9B30008ABB7 /* FacebookIntegrationUITests */ = {
			isa = PBXNativeTarget;
			buildConfigurationList = 1B5605191D76E9B30008ABB7 /* Build configuration list for PBXNativeTarget "FacebookIntegrationUITests" */;
			buildPhases = (
				1B5605061D76E9B30008ABB7 /* Sources */,
				1B5605071D76E9B30008ABB7 /* Frameworks */,
				1B5605081D76E9B30008ABB7 /* Resources */,
			);
			buildRules = (
			);
			dependencies = (
				1B56050C1D76E9B30008ABB7 /* PBXTargetDependency */,
			);
			name = FacebookIntegrationUITests;
			productName = FacebookIntegrationUITests;
			productReference = 1B56050A1D76E9B30008ABB7 /* FacebookIntegrationUITests.xctest */;
			productType = "com.apple.product-type.bundle.ui-testing";
		};
/* End PBXNativeTarget section */

/* Begin PBXProject section */
		1B5604DE1D76E9B30008ABB7 /* Project object */ = {
			isa = PBXProject;
			attributes = {
				LastUpgradeCheck = 0730;
				ORGANIZATIONNAME = macserver;
				TargetAttributes = {
					1B5604E51D76E9B30008ABB7 = {
						CreatedOnToolsVersion = 7.3;
					};
					1B5604FE1D76E9B30008ABB7 = {
						CreatedOnToolsVersion = 7.3;
						TestTargetID = 1B5604E51D76E9B30008ABB7;
					};
					1B5605091D76E9B30008ABB7 = {
						CreatedOnToolsVersion = 7.3;
						TestTargetID = 1B5604E51D76E9B30008ABB7;
					};
				};
			};
			buildConfigurationList = 1B5604E11D76E9B30008ABB7 /* Build configuration list for PBXProject "FacebookIntegration" */;
			compatibilityVersion = "Xcode 3.2";
			developmentRegion = English;
			hasScannedForEncodings = 0;
			knownRegions = (
				en,
				Base,
			);
			mainGroup = 1B5604DD1D76E9B30008ABB7;
			productRefGroup = 1B5604E71D76E9B30008ABB7 /* Products */;
			projectDirPath = "";
			projectRoot = "";
			targets = (
				1B5604E51D76E9B30008ABB7 /* FacebookIntegration */,
				1B5604FE1D76E9B30008ABB7 /* FacebookIntegrationTests */,
				1B5605091D76E9B30008ABB7 /* FacebookIntegrationUITests */,
			);
		};
/* End PBXProject section */

/* Begin PBXResourcesBuildPhase section */
		1B5604E41D76E9B30008ABB7 /* Resources */ = {
			isa = PBXResourcesBuildPhase;
			buildActionMask = 2147483647;
			files = (
				1B5604F91D76E9B30008ABB7 /* LaunchScreen.storyboard in Resources */,
				1B5604F61D76E9B30008ABB7 /* Assets.xcassets in Resources */,
				1B5604F41D76E9B30008ABB7 /* Main.storyboard in Resources */,
			);
			runOnlyForDeploymentPostprocessing = 0;
		};
		1B5604FD1D76E9B30008ABB7 /* Resources */ = {
			isa = PBXResourcesBuildPhase;
			buildActionMask = 2147483647;
			files = (
			);
			runOnlyForDeploymentPostprocessing = 0;
		};
		1B5605081D76E9B30008ABB7 /* Resources */ = {
			isa = PBXResourcesBuildPhase;
			buildActionMask = 2147483647;
			files = (
			);
			runOnlyForDeploymentPostprocessing = 0;
		};
/* End PBXResourcesBuildPhase section */

/* Begin PBXSourcesBuildPhase section */
		1B5604E21D76E9B30008ABB7 /* Sources */ = {
			isa = PBXSourcesBuildPhase;
			buildActionMask = 2147483647;
			files = (
				1B5604F11D76E9B30008ABB7 /* ViewController.m in Sources */,
				1B5604EE1D76E9B30008ABB7 /* AppDelegate.m in Sources */,
				1B5604EB1D76E9B30008ABB7 /* main.m in Sources */,
			);
			runOnlyForDeploymentPostprocessing = 0;
		};
		1B5604FB1D76E9B30008ABB7 /* Sources */ = {
			isa = PBXSourcesBuildPhase;
			buildActionMask = 2147483647;
			files = (
				1B5605041D76E9B30008ABB7 /* FacebookIntegrationTests.m in Sources */,
			);
			runOnlyForDeploymentPostprocessing = 0;
		};
		1B5605061D76E9B30008ABB7 /* Sources */ = {
			isa = PBXSourcesBuildPhase;
			buildActionMask = 2147483647;
			files = (
				1B56050F1D76E9B30008ABB7 /* FacebookIntegrationUITests.m in Sources */,
			);
			runOnlyForDeploymentPostprocessing = 0;
		};
/* End PBXSourcesBuildPhase section */

/* Begin PBXTargetDependency section */
		1B5605011D76E9B30008ABB7 /* PBXTargetDependency */ = {
			isa = PBXTargetDependency;
			target = 1B5604E51D76E9B30008ABB7 /* FacebookIntegration */;
			targetProxy = 1B5605001D76E9B30008ABB7 /* PBXContainerItemProxy */;
		};
		1B56050C1D76E9B30008ABB7 /* PBXTargetDependency */ = {
			isa = PBXTargetDependency;
			target = 1B5604E51D76E9B30008ABB7 /* FacebookIntegration */;
			targetProxy = 1B56050B1D76E9B30008ABB7 /* PBXContainerItemProxy */;
		};
/* End PBXTargetDependency section */

/* Begin PBXVariantGroup section */
		1B5604F21D76E9B30008ABB7 /* Main.storyboard */ = {
			isa = PBXVariantGroup;
			children = (
				1B5604F31D76E9B30008ABB7 /* Base */,
			);
			name = Main.storyboard;
			sourceTree = "<group>";
		};
		1B5604F71D76E9B30008ABB7 /* LaunchScreen.storyboard */ = {
			isa = PBXVariantGroup;
			children = (
				1B5604F81D76E9B30008ABB7 /* Base */,
			);
			name = LaunchScreen.storyboard;
			sourceTree = "<group>";
		};
/* End PBXVariantGroup section */

/* Begin XCBuildConfiguration section */
		1B5605111D76E9B30008ABB7 /* Debug */ = {
			isa = XCBuildConfiguration;
			buildSettings = {
				ALWAYS_SEARCH_USER_PATHS = NO;
				CLANG_ANALYZER_NONNULL = YES;
				CLANG_CXX_LANGUAGE_STANDARD = "gnu++0x";
				CLANG_CXX_LIBRARY = "libc++";
				CLANG_ENABLE_MODULES = YES;
				CLANG_ENABLE_OBJC_ARC = YES;
				CLANG_WARN_BOOL_CONVERSION = YES;
				CLANG_WARN_CONSTANT_CONVERSION = YES;
				CLANG_WARN_DIRECT_OBJC_ISA_USAGE = YES_ERROR;
				CLANG_WARN_EMPTY_BODY = YES;
				CLANG_WARN_ENUM_CONVERSION = YES;
				CLANG_WARN_INT_CONVERSION = YES;
				CLANG_WARN_OBJC_ROOT_CLASS = YES_ERROR;
				CLANG_WARN_UNREACHABLE_CODE = YES;
				CLANG_WARN__DUPLICATE_METHOD_MATCH = YES;
				"CODE_SIGN_IDENTITY[sdk=iphoneos*]" = "iPhone Developer";
				COPY_PHASE_STRIP = NO;
				DEBUG_INFORMATION_FORMAT = dwarf;
				ENABLE_STRICT_OBJC_MSGSEND = YES;
				ENABLE_TESTABILITY = YES;
				GCC_C_LANGUAGE_STANDARD = gnu99;
				GCC_DYNAMIC_NO_PIC = NO;
				GCC_NO_COMMON_BLOCKS = YES;
				GCC_OPTIMIZATION_LEVEL = 0;
				GCC_PREPROCESSOR_DEFINITIONS = (
					"DEBUG=1",
					"$(inherited)",
				);
				GCC_WARN_64_TO_32_BIT_CONVERSION = YES;
				GCC_WARN_ABOUT_RETURN_TYPE = YES_ERROR;
				GCC_WARN_UNDECLARED_SELECTOR = YES;
				GCC_WARN_UNINITIALIZED_AUTOS = YES_AGGRESSIVE;
				GCC_WARN_UNUSED_FUNCTION = YES;
				GCC_WARN_UNUSED_VARIABLE = YES;
				IPHONEOS_DEPLOYMENT_TARGET = 9.3;
				MTL_ENABLE_DEBUG_INFO = YES;
				ONLY_ACTIVE_ARCH = YES;
				SDKROOT = iphoneos;
				TARGETED_DEVICE_FAMILY = "1,2";
			};
			name = Debug;
		};
		1B5605121D76E9B30008ABB7 /* Release */ = {
			isa = XCBuildConfiguration;
			buildSettings = {
				ALWAYS_SEARCH_USER_PATHS = NO;
				CLANG_ANALYZER_NONNULL = YES;
				CLANG_CXX_LANGUAGE_STANDARD = "gnu++0x";
				CLANG_CXX_LIBRARY = "libc++";
				CLANG_ENABLE_MODULES = YES;
				CLANG_ENABLE_OBJC_ARC = YES;
				CLANG_WARN_BOOL_CONVERSION = YES;
				CLANG_WARN_CONSTANT_CONVERSION = YES;
				CLANG_WARN_DIRECT_OBJC_ISA_USAGE = YES_ERROR;
				CLANG_WARN_EMPTY_BODY = YES;
				CLANG_WARN_ENUM_CONVERSION = YES;
				CLANG_WARN_INT_CONVERSION = YES;
				CLANG_WARN_OBJC_ROOT_CLASS = YES_ERROR;
				CLANG_WARN_UNREACHABLE_CODE = YES;
				CLANG_WARN__DUPLICATE_METHOD_MATCH = YES;
				"CODE_SIGN_IDENTITY[sdk=iphoneos*]" = "iPhone Developer";
				COPY_PHASE_STRIP = NO;
				DEBUG_INFORMATION_FORMAT = "dwarf-with-dsym";
				ENABLE_NS_ASSERTIONS = NO;
				ENABLE_STRICT_OBJC_MSGSEND = YES;
				GCC_C_LANGUAGE_STANDARD = gnu99;
				GCC_NO_COMMON_BLOCKS = YES;
				GCC_WARN_64_TO_32_BIT_CONVERSION = YES;
				GCC_WARN_ABOUT_RETURN_TYPE = YES_ERROR;
				GCC_WARN_UNDECLARED_SELECTOR = YES;
				GCC_WARN_UNINITIALIZED_AUTOS = YES_AGGRESSIVE;
				GCC_WARN_UNUSED_FUNCTION = YES;
				GCC_WARN_UNUSED_VARIABLE = YES;
				IPHONEOS_DEPLOYMENT_TARGET = 9.3;
				MTL_ENABLE_DEBUG_INFO = NO;
				SDKROOT = iphoneos;
				TARGETED_DEVICE_FAMILY = "1,2";
				VALIDATE_PRODUCT = YES;
			};
			name = Release;
		};
		1B5605141D76E9B30008ABB7 /* Debug */ = {
			isa = XCBuildConfiguration;
			buildSettings = {
				ASSETCATALOG_COMPILER_APPICON_NAME = AppIcon;
				FRAMEWORK_SEARCH_PATHS = (
					"$(PROJECT_DIR)/FacebookIntegration",
					"$(PROJECT_DIR)",
				);
				INFOPLIST_FILE = FacebookIntegration/Info.plist;
				LD_RUNPATH_SEARCH_PATHS = "$(inherited) @executable_path/Frameworks";
				PRODUCT_BUNDLE_IDENTIFIER = blis.FacebookIntegration;
				PRODUCT_NAME = "$(TARGET_NAME)";
			};
			name = Debug;
		};
		1B5605151D76E9B30008ABB7 /* Release */ = {
			isa = XCBuildConfiguration;
			buildSettings = {
				ASSETCATALOG_COMPILER_APPICON_NAME = AppIcon;
				FRAMEWORK_SEARCH_PATHS = (
					"$(PROJECT_DIR)/FacebookIntegration",
					"$(PROJECT_DIR)",
				);
				INFOPLIST_FILE = FacebookIntegration/Info.plist;
				LD_RUNPATH_SEARCH_PATHS = "$(inherited) @executable_path/Frameworks";
				PRODUCT_BUNDLE_IDENTIFIER = blis.FacebookIntegration;
				PRODUCT_NAME = "$(TARGET_NAME)";
			};
			name = Release;
		};
		1B5605171D76E9B30008ABB7 /* Debug */ = {
			isa = XCBuildConfiguration;
			buildSettings = {
				BUNDLE_LOADER = "$(TEST_HOST)";
				INFOPLIST_FILE = FacebookIntegrationTests/Info.plist;
				LD_RUNPATH_SEARCH_PATHS = "$(inherited) @executable_path/Frameworks @loader_path/Frameworks";
				PRODUCT_BUNDLE_IDENTIFIER = blis.FacebookIntegrationTests;
				PRODUCT_NAME = "$(TARGET_NAME)";
				TEST_HOST = "$(BUILT_PRODUCTS_DIR)/FacebookIntegration.app/FacebookIntegration";
			};
			name = Debug;
		};
		1B5605181D76E9B30008ABB7 /* Release */ = {
			isa = XCBuildConfiguration;
			buildSettings = {
				BUNDLE_LOADER = "$(TEST_HOST)";
				INFOPLIST_FILE = FacebookIntegrationTests/Info.plist;
				LD_RUNPATH_SEARCH_PATHS = "$(inherited) @executable_path/Frameworks @loader_path/Frameworks";
				PRODUCT_BUNDLE_IDENTIFIER = blis.FacebookIntegrationTests;
				PRODUCT_NAME = "$(TARGET_NAME)";
				TEST_HOST = "$(BUILT_PRODUCTS_DIR)/FacebookIntegration.app/FacebookIntegration";
			};
			name = Release;
		};
		1B56051A1D76E9B30008ABB7 /* Debug */ = {
			isa = XCBuildConfiguration;
			buildSettings = {
				INFOPLIST_FILE = FacebookIntegrationUITests/Info.plist;
				LD_RUNPATH_SEARCH_PATHS = "$(inherited) @executable_path/Frameworks @loader_path/Frameworks";
				PRODUCT_BUNDLE_IDENTIFIER = blis.FacebookIntegrationUITests;
				PRODUCT_NAME = "$(TARGET_NAME)";
				TEST_TARGET_NAME = FacebookIntegration;
			};
			name = Debug;
		};
		1B56051B1D76E9B30008ABB7 /* Release */ = {
			isa = XCBuildConfiguration;
			buildSettings = {
				INFOPLIST_FILE = FacebookIntegrationUITests/Info.plist;
				LD_RUNPATH_SEARCH_PATHS = "$(inherited) @executable_path/Frameworks @loader_path/Frameworks";
				PRODUCT_BUNDLE_IDENTIFIER = blis.FacebookIntegrationUITests;
				PRODUCT_NAME = "$(TARGET_NAME)";
				TEST_TARGET_NAME = FacebookIntegration;
			};
			name = Release;
		};
/* End XCBuildConfiguration section */

/* Begin XCConfigurationList section */
		1B5604E11D76E9B30008ABB7 /* Build configuration list for PBXProject "FacebookIntegration" */ = {
			isa = XCConfigurationList;
			buildConfigurations = (
				1B5605111D76E9B30008ABB7 /* Debug */,
				1B5605121D76E9B30008ABB7 /* Release */,
			);
			defaultConfigurationIsVisible = 0;
			defaultConfigurationName = Release;
		};
		1B5605131D76E9B30008ABB7 /* Build configuration list for PBXNativeTarget "FacebookIntegration" */ = {
			isa = XCConfigurationList;
			buildConfigurations = (
				1B5605141D76E9B30008ABB7 /* Debug */,
				1B5605151D76E9B30008ABB7 /* Release */,
			);
			defaultConfigurationIsVisible = 0;
			defaultConfigurationName = Release;
		};
		1B5605161D76E9B30008ABB7 /* Build configuration list for PBXNativeTarget "FacebookIntegrationTests" */ = {
			isa = XCConfigurationList;
			buildConfigurations = (
				1B5605171D76E9B30008ABB7 /* Debug */,
				1B5605181D76E9B30008ABB7 /* Release */,
			);
			defaultConfigurationIsVisible = 0;
			defaultConfigurationName = Release;
		};
		1B5605191D76E9B30008ABB7 /* Build configuration list for PBXNativeTarget "FacebookIntegrationUITests" */ = {
			isa = XCConfigurationList;
			buildConfigurations = (
				1B56051A1D76E9B30008ABB7 /* Debug */,
				1B56051B1D76E9B30008ABB7 /* Release */,
			);
			defaultConfigurationIsVisible = 0;
			defaultConfigurationName = Release;
		};
/* End XCConfigurationList section */
	};
	rootObject = 1B5604DE1D76E9B30008ABB7 /* Project object */;
}
